{
    "name": "Jupytangular",
    "lockfileVersion": 1,
    "dependencies": {
        "ansi-escape-sequences": {
            "version": "3.0.0",
            "resolved": "https://registry.npmjs.org/ansi-escape-sequences/-/ansi-escape-sequences-3.0.0.tgz",
            "integrity": "sha1-HBg5S2r5t2/5pjUJ+kl2af0s5T4="
        },
        "app-usage-stats": {
            "version": "0.4.1",
            "resolved": "https://registry.npmjs.org/app-usage-stats/-/app-usage-stats-0.4.1.tgz",
            "integrity": "sha1-l+ubibVnj6LdyXk7EphijMIYQp8="
        },
        "array-back": {
            "version": "1.0.4",
            "resolved": "https://registry.npmjs.org/array-back/-/array-back-1.0.4.tgz",
            "integrity": "sha1-ZEun8JX3/898Q7Xw3DnTwfA8Bjs="
        },
        "balanced-match": {
            "version": "1.0.0",
            "resolved": "https://registry.npmjs.org/balanced-match/-/balanced-match-1.0.0.tgz",
            "integrity": "sha1-ibTRmasr7kneFk6gK4nORi1xt2c="
        },
        "brace-expansion": {
            "version": "1.1.8",
            "resolved": "https://registry.npmjs.org/brace-expansion/-/brace-expansion-1.1.8.tgz",
            "integrity": "sha1-wHshHHyVLsH479Uad+8NHTmQopI="
        },
        "cli-commands": {
            "version": "0.1.0",
            "resolved": "https://registry.npmjs.org/cli-commands/-/cli-commands-0.1.0.tgz",
            "integrity": "sha1-xXysxAa7z57iFkZgcWHtQy71oFo="
        },
        "command-line-args": {
            "version": "3.0.5",
            "resolved": "https://registry.npmjs.org/command-line-args/-/command-line-args-3.0.5.tgz",
            "integrity": "sha1-W9StReeYPlwTRJGOQCgO4mk8WsA="
        },
        "command-line-commands": {
            "version": "1.0.4",
            "resolved": "https://registry.npmjs.org/command-line-commands/-/command-line-commands-1.0.4.tgz",
            "integrity": "sha1-A0+bFntRiK+9z2su+7FQ/IRCwys="
        },
        "command-line-tool": {
            "version": "0.6.4",
            "resolved": "https://registry.npmjs.org/command-line-tool/-/command-line-tool-0.6.4.tgz",
            "integrity": "sha1-TBHjcvPkElSGHD/mtTjTx6WxRPM="
        },
        "command-line-usage": {
            "version": "3.0.8",
            "resolved": "https://registry.npmjs.org/command-line-usage/-/command-line-usage-3.0.8.tgz",
            "integrity": "sha1-tqIJeMGzg0d/XBGlKUKLiAv+D00="
        },
        "concat-map": {
            "version": "0.0.1",
            "resolved": "https://registry.npmjs.org/concat-map/-/concat-map-0.0.1.tgz",
            "integrity": "sha1-2Klr13/Wjfd5OnMDajug1UBdR3s="
        },
        "console-dope": {
            "version": "0.3.6",
            "resolved": "https://registry.npmjs.org/console-dope/-/console-dope-0.3.6.tgz",
            "integrity": "sha1-2G8Ku2okd55VtiiqXRcmT4Esxgw="
        },
        "core-js": {
            "version": "2.4.1",
            "resolved": "https://registry.npmjs.org/core-js/-/core-js-2.4.1.tgz",
            "integrity": "sha1-TekR5mew6ukSTjQlS1OupvxhjT4="
        },
        "deep-extend": {
            "version": "0.4.2",
            "resolved": "https://registry.npmjs.org/deep-extend/-/deep-extend-0.4.2.tgz",
            "integrity": "sha1-SLaZwn4zS/ifEIkr5DL25MfTSn8="
        },
        "defer-promise": {
            "version": "1.0.1",
            "resolved": "https://registry.npmjs.org/defer-promise/-/defer-promise-1.0.1.tgz",
            "integrity": "sha1-HKb/7dvO8XFd16riXHYW+a4iky8="
        },
        "feature-detect-es6": {
            "version": "1.3.1",
            "resolved": "https://registry.npmjs.org/feature-detect-es6/-/feature-detect-es6-1.3.1.tgz",
            "integrity": "sha1-+IhzavnLDJH1VmO/pHYuuW7nBH8="
        },
        "file-set": {
            "version": "1.1.1",
            "resolved": "https://registry.npmjs.org/file-set/-/file-set-1.1.1.tgz",
            "integrity": "sha1-0+xwwIDsjxjyBLod4QZ4DJBWkms="
        },
        "find-replace": {
            "version": "1.0.3",
            "resolved": "https://registry.npmjs.org/find-replace/-/find-replace-1.0.3.tgz",
            "integrity": "sha1-uI5zZNLZyVlVnziMZmcNYTBEH6A="
        },
        "fs.realpath": {
            "version": "1.0.0",
            "resolved": "https://registry.npmjs.org/fs.realpath/-/fs.realpath-1.0.0.tgz",
            "integrity": "sha1-FQStJSMVjKpA20onh8sBQRmU6k8="
        },
        "fuse.js": {
            "version": "3.0.4",
            "resolved": "https://registry.npmjs.org/fuse.js/-/fuse.js-3.0.4.tgz",
            "integrity": "sha1-zU4uxjrDJOKPXRf8w9AVhDedNxc="
        },
        "glob": {
            "version": "7.1.2",
            "resolved": "https://registry.npmjs.org/glob/-/glob-7.1.2.tgz",
            "integrity": "sha512-MJTUg1kjuLeQCJ+ccE4Vpa6kKVXkPYJ2mOCQyUuKLcLQsdrMCpBPUi8qVE6+YuaJkozeA9NusTAw3hLr8Xe5EQ=="
        },
        "home-path": {
            "version": "1.0.5",
            "resolved": "https://registry.npmjs.org/home-path/-/home-path-1.0.5.tgz",
            "integrity": "sha1-eIspgVsS1Tus9XVkhHbm+QQdEz8="
        },
        "inflight": {
            "version": "1.0.6",
            "resolved": "https://registry.npmjs.org/inflight/-/inflight-1.0.6.tgz",
            "integrity": "sha1-Sb1jMdfQLQwJvJEKEHW6gWW1bfk="
        },
        "inherits": {
            "version": "2.0.3",
            "resolved": "https://registry.npmjs.org/inherits/-/inherits-2.0.3.tgz",
            "integrity": "sha1-Yzwsg+PaQqUC9SRmAiSA9CCCYd4="
        },
        "jsonparse": {
            "version": "https://registry.npmjs.org/jsonparse/-/jsonparse-1.3.1.tgz",
            "integrity": "sha1-P02uSpH6wxX3EGL4UhzCOfE2YoA="
        },
        "JSONStream": {
            "version": "1.3.1",
            "resolved": "https://registry.npmjs.org/JSONStream/-/JSONStream-1.3.1.tgz",
            "integrity": "sha1-cH92HgHa6eFvG8+TcDt4xwlmV5o="
        },
        "lodash.pick": {
            "version": "4.4.0",
            "resolved": "https://registry.npmjs.org/lodash.pick/-/lodash.pick-4.4.0.tgz",
            "integrity": "sha1-UvBWEP/53tQiYRRB7R/BI6AwAbM="
        },
        "minimatch": {
            "version": "3.0.4",
            "resolved": "https://registry.npmjs.org/minimatch/-/minimatch-3.0.4.tgz",
            "integrity": "sha512-yJHVQEhyqPLUTgt9B83PXu6W3rx4MvvHvSUvToogpwoGDOUQ+yDrR0HRot+yOCdCO7u4hX3pWft6kWBBcqh0UA=="
        },
        "mkdirp2": {
            "version": "1.0.3",
            "resolved": "https://registry.npmjs.org/mkdirp2/-/mkdirp2-1.0.3.tgz",
            "integrity": "sha1-zI3YJl8fBuLY9bELblL04FC+0hs="
        },
        "nel": {
            "version": "0.5.3",
            "resolved": "https://registry.npmjs.org/nel/-/nel-0.5.3.tgz",
            "integrity": "sha1-ttlgENgqyn5jAHIW7Kilm91E4WI="
        },
        "once": {
            "version": "1.4.0",
            "resolved": "https://registry.npmjs.org/once/-/once-1.4.0.tgz",
            "integrity": "sha1-WDsap3WWHUsROsF9nFC6753Xa9E="
        },
        "path-is-absolute": {
            "version": "1.0.1",
            "resolved": "https://registry.npmjs.org/path-is-absolute/-/path-is-absolute-1.0.1.tgz",
            "integrity": "sha1-F0uSaHNVNP+8es5r9TpanhtcX18="
        },
        "reduce-flatten": {
            "version": "1.0.1",
            "resolved": "https://registry.npmjs.org/reduce-flatten/-/reduce-flatten-1.0.1.tgz",
            "integrity": "sha1-JYx479FT3fk8tWEjf2EYTzaW4yc="
        },
        "renamer": {
            "version": "0.6.1",
            "resolved": "https://registry.npmjs.org/renamer/-/renamer-0.6.1.tgz",
            "integrity": "sha1-Zik64sYi3vQHHlCvihN99Qn/zIw="
        },
        "req-then": {
            "version": "0.5.1",
            "resolved": "https://registry.npmjs.org/req-then/-/req-then-0.5.1.tgz",
            "integrity": "sha1-McbgtW9N3SrNbeC6G86ne2B5398="
        },
        "string-tools": {
            "version": "1.0.0",
            "resolved": "https://registry.npmjs.org/string-tools/-/string-tools-1.0.0.tgz",
            "integrity": "sha1-xpqdV4iFiZfaZvHZI7pxE+pGa1o="
        },
        "table-layout": {
            "version": "0.3.0",
            "resolved": "https://registry.npmjs.org/table-layout/-/table-layout-0.3.0.tgz",
            "integrity": "sha1-buINxIPbNxs+XIf3BO0vfHmdLJo="
        },
        "test-value": {
            "version": "2.1.0",
            "resolved": "https://registry.npmjs.org/test-value/-/test-value-2.1.0.tgz",
            "integrity": "sha1-Edpv9nDzRxpztiXKTz/c97t0gpE="
        },
        "through": {
            "version": "https://registry.npmjs.org/through/-/through-2.3.8.tgz",
            "integrity": "sha1-DdTJ/6q8NXlgsbckEV1+Doai4fU="
        },
        "typical": {
            "version": "2.6.1",
            "resolved": "https://registry.npmjs.org/typical/-/typical-2.6.1.tgz",
            "integrity": "sha1-XAgOXWYcu+OCWdLnCjxyU+hziB0="
        },
        "usage-stats": {
            "version": "0.8.6",
            "resolved": "https://registry.npmjs.org/usage-stats/-/usage-stats-0.8.6.tgz",
            "integrity": "sha512-QS1r7a1h5g1jo6KulvVGV+eQM+Jfj87AjJBfr1iaIJYz+N7+Qh7ezaVFCulwBGd8T1EidRiSYphG17gra2y0kg=="
        },
        "uuid": {
            "version": "3.1.0",
            "resolved": "https://registry.npmjs.org/uuid/-/uuid-3.1.0.tgz",
            "integrity": "sha512-DIWtzUkw04M4k3bf1IcpS2tngXEL26YUD2M0tMDUpnUrz2hgzUBlD55a4FjdLGPvfHxS6uluGWvaVEqgBcVa+g=="
        },
        "wordwrapjs": {
            "version": "2.0.0",
            "resolved": "https://registry.npmjs.org/wordwrapjs/-/wordwrapjs-2.0.0.tgz",
            "integrity": "sha1-q1X2leYRjak4WP3XDAU9HF4BrCA="
        },
        "wrappy": {
            "version": "1.0.2",
            "resolved": "https://registry.npmjs.org/wrappy/-/wrappy-1.0.2.tgz",
            "integrity": "sha1-tSQ9jz7BqjXxNkYFvA0QNuMKtp8="
        }
    }
}
